
Microsoft Visual Studio Solution File, Format Version 12.00
# Visual Studio Version 16
VisualStudioVersion = 16.0.29519.87
MinimumVisualStudioVersion = 10.0.40219.1
Project("{9A19103F-16F7-4668-BE54-9A1E7A4F7556}") = "ApiHorarios", "ApiHorarios\ApiHorarios.csproj", "{61E62CEE-448F-4BFF-BC4A-85693844F040}"
EndProject
Project("{2150E333-8FDC-42A3-9474-1A3956D46DE8}") = "HorariosCore", "HorariosCore", "{FACF6229-CD2D-4A8F-AE0F-1283EC5ED13E}"
EndProject
Project("{2150E333-8FDC-42A3-9474-1A3956D46DE8}") = "HorariosContext", "HorariosContext", "{A1ADF736-1A45-4B87-A147-E67DAA08F167}"
EndProject
Project("{2150E333-8FDC-42A3-9474-1A3956D46DE8}") = "HorariosSaac", "HorariosSaac", "{02A4C960-E3B7-42B4-8B85-7DF5DA273EC8}"
EndProject
Project("{9A19103F-16F7-4668-BE54-9A1E7A4F7556}") = "HorarioContext", "HorarioContext\HorarioContext.csproj", "{8A4840B2-E4CB-484E-8EFF-361712CF45F4}"
EndProject
Project("{9A19103F-16F7-4668-BE54-9A1E7A4F7556}") = "HorarioServiceCore", "HorarioServiceCore\HorarioServiceCore.csproj", "{3EFF3439-0A02-4FDA-B024-8D088B78B1BF}"
EndProject
Project("{9A19103F-16F7-4668-BE54-9A1E7A4F7556}") = "HorarioModelSaac", "HorarioModelSaac\HorarioModelSaac.csproj", "{16422C70-F9BD-46CA-81AB-89C5D4BB9D9C}"
EndProject
Project("{9A19103F-16F7-4668-BE54-9A1E7A4F7556}") = "HorarioServiceSaac", "HorarioServiceSaac\HorarioServiceSaac.csproj", "{8F09CA03-1851-4E88-8A75-27AB36D70D88}"
EndProject
Project("{2150E333-8FDC-42A3-9474-1A3956D46DE8}") = "HorariosSaf3", "HorariosSaf3", "{5EFBE311-2888-47A0-BB98-249E9E9476AA}"
EndProject
Project("{FAE04EC0-301F-11D3-BF4B-00C04F79EFBC}") = "HorarioModelSaf3", "HorarioModelSaf3\HorarioModelSaf3.csproj", "{92099D5F-297A-47CD-B122-2C77EC812AE6}"
EndProject
Global
	GlobalSection(SolutionConfigurationPlatforms) = preSolution
		Debug|Any CPU = Debug|Any CPU
		Release|Any CPU = Release|Any CPU
	EndGlobalSection
	GlobalSection(ProjectConfigurationPlatforms) = postSolution
		{61E62CEE-448F-4BFF-BC4A-85693844F040}.Debug|Any CPU.ActiveCfg = Debug|Any CPU
		{61E62CEE-448F-4BFF-BC4A-85693844F040}.Debug|Any CPU.Build.0 = Debug|Any CPU
		{61E62CEE-448F-4BFF-BC4A-85693844F040}.Release|Any CPU.ActiveCfg = Release|Any CPU
		{61E62CEE-448F-4BFF-BC4A-85693844F040}.Release|Any CPU.Build.0 = Release|Any CPU
		{8A4840B2-E4CB-484E-8EFF-361712CF45F4}.Debug|Any CPU.ActiveCfg = Debug|Any CPU
		{8A4840B2-E4CB-484E-8EFF-361712CF45F4}.Debug|Any CPU.Build.0 = Debug|Any CPU
		{8A4840B2-E4CB-484E-8EFF-361712CF45F4}.Release|Any CPU.ActiveCfg = Release|Any CPU
		{8A4840B2-E4CB-484E-8EFF-361712CF45F4}.Release|Any CPU.Build.0 = Release|Any CPU
		{3EFF3439-0A02-4FDA-B024-8D088B78B1BF}.Debug|Any CPU.ActiveCfg = Debug|Any CPU
		{3EFF3439-0A02-4FDA-B024-8D088B78B1BF}.Debug|Any CPU.Build.0 = Debug|Any CPU
		{3EFF3439-0A02-4FDA-B024-8D088B78B1BF}.Release|Any CPU.ActiveCfg = Release|Any CPU
		{3EFF3439-0A02-4FDA-B024-8D088B78B1BF}.Release|Any CPU.Build.0 = Release|Any CPU
		{16422C70-F9BD-46CA-81AB-89C5D4BB9D9C}.Debug|Any CPU.ActiveCfg = Debug|Any CPU
		{16422C70-F9BD-46CA-81AB-89C5D4BB9D9C}.Debug|Any CPU.Build.0 = Debug|Any CPU
		{16422C70-F9BD-46CA-81AB-89C5D4BB9D9C}.Release|Any CPU.ActiveCfg = Release|Any CPU
		{16422C70-F9BD-46CA-81AB-89C5D4BB9D9C}.Release|Any CPU.Build.0 = Release|Any CPU
		{8F09CA03-1851-4E88-8A75-27AB36D70D88}.Debug|Any CPU.ActiveCfg = Debug|Any CPU
		{8F09CA03-1851-4E88-8A75-27AB36D70D88}.Debug|Any CPU.Build.0 = Debug|Any CPU
		{8F09CA03-1851-4E88-8A75-27AB36D70D88}.Release|Any CPU.ActiveCfg = Release|Any CPU
		{8F09CA03-1851-4E88-8A75-27AB36D70D88}.Release|Any CPU.Build.0 = Release|Any CPU
		{92099D5F-297A-47CD-B122-2C77EC812AE6}.Debug|Any CPU.ActiveCfg = Debug|Any CPU
		{92099D5F-297A-47CD-B122-2C77EC812AE6}.Debug|Any CPU.Build.0 = Debug|Any CPU
		{92099D5F-297A-47CD-B122-2C77EC812AE6}.Release|Any CPU.ActiveCfg = Release|Any CPU
		{92099D5F-297A-47CD-B122-2C77EC812AE6}.Release|Any CPU.Build.0 = Release|Any CPU
	EndGlobalSection
	GlobalSection(SolutionProperties) = preSolution
		HideSolutionNode = FALSE
	EndGlobalSection
	GlobalSection(NestedProjects) = preSolution
		{8A4840B2-E4CB-484E-8EFF-361712CF45F4} = {A1ADF736-1A45-4B87-A147-E67DAA08F167}
		{3EFF3439-0A02-4FDA-B024-8D088B78B1BF} = {FACF6229-CD2D-4A8F-AE0F-1283EC5ED13E}
		{16422C70-F9BD-46CA-81AB-89C5D4BB9D9C} = {02A4C960-E3B7-42B4-8B85-7DF5DA273EC8}
		{8F09CA03-1851-4E88-8A75-27AB36D70D88} = {02A4C960-E3B7-42B4-8B85-7DF5DA273EC8}
		{92099D5F-297A-47CD-B122-2C77EC812AE6} = {5EFBE311-2888-47A0-BB98-249E9E9476AA}
	EndGlobalSection
	GlobalSection(ExtensibilityGlobals) = postSolution
		SolutionGuid = {E4CB48C7-CAB6-4B3F-81AD-74F0B61728BF}
	EndGlobalSection
EndGlobal
