
Microsoft Visual Studio Solution File, Format Version 12.00
# Visual Studio Version 16
VisualStudioVersion = 16.0.29519.87
MinimumVisualStudioVersion = 10.0.40219.1
Project("{FAE04EC0-301F-11D3-BF4B-00C04F79EFBC}") = "AIGEspol-Frontend", "AIGEspol-Frontend.csproj", "{09A3BE99-520C-4198-8C3F-07EEE5247314}"
EndProject
Global
	GlobalSection(SolutionConfigurationPlatforms) = preSolution
		Debug|Any CPU = Debug|Any CPU
		Release|Any CPU = Release|Any CPU
	EndGlobalSection
	GlobalSection(ProjectConfigurationPlatforms) = postSolution
		{09A3BE99-520C-4198-8C3F-07EEE5247314}.Debug|Any CPU.ActiveCfg = Debug|Any CPU
		{09A3BE99-520C-4198-8C3F-07EEE5247314}.Debug|Any CPU.Build.0 = Debug|Any CPU
		{09A3BE99-520C-4198-8C3F-07EEE5247314}.Release|Any CPU.ActiveCfg = Release|Any CPU
		{09A3BE99-520C-4198-8C3F-07EEE5247314}.Release|Any CPU.Build.0 = Release|Any CPU
	EndGlobalSection
	GlobalSection(SolutionProperties) = preSolution
		HideSolutionNode = FALSE
	EndGlobalSection
	GlobalSection(ExtensibilityGlobals) = postSolution
		SolutionGuid = {918022FB-0075-4714-A485-9FF218CF0678}
	EndGlobalSection
EndGlobal
